
Microsoft Visual Studio Solution File, Format Version 12.00
# Visual Studio 15
VisualStudioVersion = 15.0.27130.2027
MinimumVisualStudioVersion = 10.0.40219.1
Project("{FAE04EC0-301F-11D3-BF4B-00C04F79EFBC}") = "HelloWorldCore", "HelloWorldCore\HelloWorldCore.csproj", "{7C058ABF-5453-4E64-8584-E9685A99FC96}"
EndProject
Global
	GlobalSection(SolutionConfigurationPlatforms) = preSolution
		Debug|Any CPU = Debug|Any CPU
		Release|Any CPU = Release|Any CPU
	EndGlobalSection
	GlobalSection(ProjectConfigurationPlatforms) = postSolution
		{7C058ABF-5453-4E64-8584-E9685A99FC96}.Debug|Any CPU.ActiveCfg = Debug|Any CPU
		{7C058ABF-5453-4E64-8584-E9685A99FC96}.Debug|Any CPU.Build.0 = Debug|Any CPU
		{7C058ABF-5453-4E64-8584-E9685A99FC96}.Release|Any CPU.ActiveCfg = Release|Any CPU
		{7C058ABF-5453-4E64-8584-E9685A99FC96}.Release|Any CPU.Build.0 = Release|Any CPU
	EndGlobalSection
	GlobalSection(SolutionProperties) = preSolution
		HideSolutionNode = FALSE
	EndGlobalSection
	GlobalSection(ExtensibilityGlobals) = postSolution
		SolutionGuid = {DC55A4EC-CDD8-4480-9B92-38363FFA3ED8}
	EndGlobalSection
EndGlobal
